
Microsoft Visual Studio Solution File, Format Version 12.00
# Visual Studio Version 17
VisualStudioVersion = 17.13.35825.156 d17.13
MinimumVisualStudioVersion = 10.0.40219.1
Project("{FAE04EC0-301F-11D3-BF4B-00C04F79EFBC}") = "TWZ_AdhocDataSource", "TWZ_AdhocDataSource\TWZ_AdhocDataSource.csproj", "{9A98427E-9D58-4703-87D4-03604884E233}"
EndProject
Project("{2150E333-8FDC-42A3-9474-1A3956D46DE8}") = "Internal", "Internal", "{02EA681E-C7D8-13C7-8484-4AC65E1B71E8}"
EndProject
Project("{2150E333-8FDC-42A3-9474-1A3956D46DE8}") = "Code Analysis", "Code Analysis", "{0840BBB7-2030-42D7-9CD5-D43300FC72B0}"
	ProjectSection(SolutionItems) = preProject
		Internal\Code Analysis\qaction-debug.ruleset = Internal\Code Analysis\qaction-debug.ruleset
		Internal\Code Analysis\qaction-release.ruleset = Internal\Code Analysis\qaction-release.ruleset
		Internal\Code Analysis\stylecop.json = Internal\Code Analysis\stylecop.json
	EndProjectSection
EndProject
Global
	GlobalSection(SolutionConfigurationPlatforms) = preSolution
		Debug|Any CPU = Debug|Any CPU
		Release|Any CPU = Release|Any CPU
	EndGlobalSection
	GlobalSection(ProjectConfigurationPlatforms) = postSolution
		{9A98427E-9D58-4703-87D4-03604884E233}.Debug|Any CPU.ActiveCfg = Debug|Any CPU
		{9A98427E-9D58-4703-87D4-03604884E233}.Debug|Any CPU.Build.0 = Debug|Any CPU
		{9A98427E-9D58-4703-87D4-03604884E233}.Release|Any CPU.ActiveCfg = Release|Any CPU
		{9A98427E-9D58-4703-87D4-03604884E233}.Release|Any CPU.Build.0 = Release|Any CPU
	EndGlobalSection
	GlobalSection(SolutionProperties) = preSolution
		HideSolutionNode = FALSE
	EndGlobalSection
	GlobalSection(NestedProjects) = preSolution
		{0840BBB7-2030-42D7-9CD5-D43300FC72B0} = {02EA681E-C7D8-13C7-8484-4AC65E1B71E8}
	EndGlobalSection
	GlobalSection(ExtensibilityGlobals) = postSolution
		SolutionGuid = {B09D984F-ED11-476B-92B3-676E7A047232}
	EndGlobalSection
EndGlobal
